# This file is automatically @generated by Cargo.
# It is not intended for manual editing.
version = 3

[[package]]
name = "anyhow"
version = "1.0.89"
source = "registry+https://github.com/rust-lang/crates.io-index"
checksum = "86fdf8605db99b54d3cd748a44c6d04df638eb5dafb219b135d0149bd0db01f6"

[[package]]
name = "capnp"
version = "0.20.2"
source = "registry+https://github.com/rust-lang/crates.io-index"
checksum = "c9e0676a27d3cf41fc949b3061cca99c67791a8a3baf1544b30ef712936e7e3b"
dependencies = [
 "embedded-io",
]

[[package]]
name = "capnpc"
version = "0.20.0"
source = "registry+https://github.com/rust-lang/crates.io-index"
checksum = "8d13cb6e2643fd1f9fb804ba938323636ef52e07d6e495e372d933ad0cb98207"
dependencies = [
 "capnp",
]

[[package]]
name = "embedded-io"
version = "0.6.1"
source = "registry+https://github.com/rust-lang/crates.io-index"
checksum = "edd0f118536f44f5ccd48bcb8b111bdc3de888b58c74639dfb034a357d0f206d"

[[package]]
name = "once_cell"
version = "1.20.2"
source = "registry+https://github.com/rust-lang/crates.io-index"
checksum = "1261fe7e33c73b354eab43b1273a57c8f967d0391e80353e51f764ac02cf6775"

[[package]]
name = "plugin_rs"
version = "0.1.0"
dependencies = [
 "anyhow",
 "capnp",
 "capnpc",
 "once_cell",
]
